
Microsoft Visual Studio Solution File, Format Version 12.00
Project("{FAE04EC0-301F-11D3-BF4B-00C04F79EFBC}") = "DDDOnlineRetailerCSharp", "DDDOnlineRetailerCSharp\DDDOnlineRetailerCSharp.csproj", "{6B575944-CF88-4358-950F-300B30D9A9E5}"
EndProject
Project("{FAE04EC0-301F-11D3-BF4B-00C04F79EFBC}") = "DDDOnlineRetailerCSharpTest", "DDDOnlineRetailerCSharpTest\DDDOnlineRetailerCSharpTest.csproj", "{29F1CF8B-EB5B-4D10-ACFB-B68781563791}"
EndProject
Global
	GlobalSection(SolutionConfigurationPlatforms) = preSolution
		Debug|Any CPU = Debug|Any CPU
		Release|Any CPU = Release|Any CPU
	EndGlobalSection
	GlobalSection(ProjectConfigurationPlatforms) = postSolution
		{6B575944-CF88-4358-950F-300B30D9A9E5}.Debug|Any CPU.ActiveCfg = Debug|Any CPU
		{6B575944-CF88-4358-950F-300B30D9A9E5}.Debug|Any CPU.Build.0 = Debug|Any CPU
		{6B575944-CF88-4358-950F-300B30D9A9E5}.Release|Any CPU.ActiveCfg = Release|Any CPU
		{6B575944-CF88-4358-950F-300B30D9A9E5}.Release|Any CPU.Build.0 = Release|Any CPU
		{29F1CF8B-EB5B-4D10-ACFB-B68781563791}.Debug|Any CPU.ActiveCfg = Debug|Any CPU
		{29F1CF8B-EB5B-4D10-ACFB-B68781563791}.Debug|Any CPU.Build.0 = Debug|Any CPU
		{29F1CF8B-EB5B-4D10-ACFB-B68781563791}.Release|Any CPU.ActiveCfg = Release|Any CPU
		{29F1CF8B-EB5B-4D10-ACFB-B68781563791}.Release|Any CPU.Build.0 = Release|Any CPU
	EndGlobalSection
EndGlobal
